
Microsoft Visual Studio Solution File, Format Version 12.00
# Visual Studio Version 17
VisualStudioVersion = 17.11.35208.52
MinimumVisualStudioVersion = 10.0.40219.1
Project("{FAE04EC0-301F-11D3-BF4B-00C04F79EFBC}") = "ProductoApp", "ProductoApp.csproj", "{7DFF9F53-5CCD-43F8-B028-BA5682EF4FA9}"
EndProject
Global
	GlobalSection(SolutionConfigurationPlatforms) = preSolution
		Debug|Any CPU = Debug|Any CPU
		Release|Any CPU = Release|Any CPU
	EndGlobalSection
	GlobalSection(ProjectConfigurationPlatforms) = postSolution
		{7DFF9F53-5CCD-43F8-B028-BA5682EF4FA9}.Debug|Any CPU.ActiveCfg = Debug|Any CPU
		{7DFF9F53-5CCD-43F8-B028-BA5682EF4FA9}.Debug|Any CPU.Build.0 = Debug|Any CPU
		{7DFF9F53-5CCD-43F8-B028-BA5682EF4FA9}.Release|Any CPU.ActiveCfg = Release|Any CPU
		{7DFF9F53-5CCD-43F8-B028-BA5682EF4FA9}.Release|Any CPU.Build.0 = Release|Any CPU
	EndGlobalSection
	GlobalSection(SolutionProperties) = preSolution
		HideSolutionNode = FALSE
	EndGlobalSection
	GlobalSection(ExtensibilityGlobals) = postSolution
		SolutionGuid = {323FE48A-7ECC-4E55-92EE-DBEB39A440BA}
	EndGlobalSection
EndGlobal
