
Microsoft Visual Studio Solution File, Format Version 12.00
# Visual Studio Version 17
VisualStudioVersion = 17.11.35208.52
MinimumVisualStudioVersion = 10.0.40219.1
Project("{FAE04EC0-301F-11D3-BF4B-00C04F79EFBC}") = "ProductosApp", "ProductosApp.csproj", "{EB72F0BA-B01A-413B-A8CB-61E9E0B78FE5}"
EndProject
Global
	GlobalSection(SolutionConfigurationPlatforms) = preSolution
		Debug|Any CPU = Debug|Any CPU
		Release|Any CPU = Release|Any CPU
	EndGlobalSection
	GlobalSection(ProjectConfigurationPlatforms) = postSolution
		{EB72F0BA-B01A-413B-A8CB-61E9E0B78FE5}.Debug|Any CPU.ActiveCfg = Debug|Any CPU
		{EB72F0BA-B01A-413B-A8CB-61E9E0B78FE5}.Debug|Any CPU.Build.0 = Debug|Any CPU
		{EB72F0BA-B01A-413B-A8CB-61E9E0B78FE5}.Release|Any CPU.ActiveCfg = Release|Any CPU
		{EB72F0BA-B01A-413B-A8CB-61E9E0B78FE5}.Release|Any CPU.Build.0 = Release|Any CPU
	EndGlobalSection
	GlobalSection(SolutionProperties) = preSolution
		HideSolutionNode = FALSE
	EndGlobalSection
	GlobalSection(ExtensibilityGlobals) = postSolution
		SolutionGuid = {AE016E25-3987-4EB7-82E7-C0CB9D01CB14}
	EndGlobalSection
EndGlobal
