
Microsoft Visual Studio Solution File, Format Version 12.00
# Visual Studio Version 17
VisualStudioVersion = 17.8.34511.84
MinimumVisualStudioVersion = 10.0.40219.1
Project("{FAE04EC0-301F-11D3-BF4B-00C04F79EFBC}") = "CineAPI", "CineAPI.csproj", "{FF61D721-FC23-4C9B-9A04-69A08C570E3B}"
EndProject
Project("{FAE04EC0-301F-11D3-BF4B-00C04F79EFBC}") = "CIneData", "..\CIneData\CIneData.csproj", "{A2E86503-37FA-4775-B340-ABB2048C185D}"
EndProject
Global
	GlobalSection(SolutionConfigurationPlatforms) = preSolution
		Debug|Any CPU = Debug|Any CPU
		Release|Any CPU = Release|Any CPU
	EndGlobalSection
	GlobalSection(ProjectConfigurationPlatforms) = postSolution
		{FF61D721-FC23-4C9B-9A04-69A08C570E3B}.Debug|Any CPU.ActiveCfg = Debug|Any CPU
		{FF61D721-FC23-4C9B-9A04-69A08C570E3B}.Debug|Any CPU.Build.0 = Debug|Any CPU
		{FF61D721-FC23-4C9B-9A04-69A08C570E3B}.Release|Any CPU.ActiveCfg = Release|Any CPU
		{FF61D721-FC23-4C9B-9A04-69A08C570E3B}.Release|Any CPU.Build.0 = Release|Any CPU
		{A2E86503-37FA-4775-B340-ABB2048C185D}.Debug|Any CPU.ActiveCfg = Debug|Any CPU
		{A2E86503-37FA-4775-B340-ABB2048C185D}.Debug|Any CPU.Build.0 = Debug|Any CPU
		{A2E86503-37FA-4775-B340-ABB2048C185D}.Release|Any CPU.ActiveCfg = Release|Any CPU
		{A2E86503-37FA-4775-B340-ABB2048C185D}.Release|Any CPU.Build.0 = Release|Any CPU
	EndGlobalSection
	GlobalSection(SolutionProperties) = preSolution
		HideSolutionNode = FALSE
	EndGlobalSection
	GlobalSection(ExtensibilityGlobals) = postSolution
		SolutionGuid = {E14F63B6-A61B-4992-A424-4D2193477FC5}
	EndGlobalSection
EndGlobal
